
Microsoft Visual Studio Solution File, Format Version 12.00
# Visual Studio 14
VisualStudioVersion = 14.0.25123.0
MinimumVisualStudioVersion = 10.0.40219.1
Project("{FAE04EC0-301F-11D3-BF4B-00C04F79EFBC}") = "StuceSoftware.Utilities", "StuceSoftware.Utilities\StuceSoftware.Utilities.csproj", "{279739C1-CF4A-4ED1-95F2-EB6BBDFB6B41}"
EndProject
Project("{FAE04EC0-301F-11D3-BF4B-00C04F79EFBC}") = "StuceSoftware.Utilities.Test", "StuceSoftware.Utilities.Test\StuceSoftware.Utilities.Test.csproj", "{11DAE906-8728-43B0-BF8A-C119C21DC4A3}"
EndProject
Global
	GlobalSection(SolutionConfigurationPlatforms) = preSolution
		Debug|Any CPU = Debug|Any CPU
		Debug|x64 = Debug|x64
		Debug|x86 = Debug|x86
		Release|Any CPU = Release|Any CPU
		Release|x64 = Release|x64
		Release|x86 = Release|x86
	EndGlobalSection
	GlobalSection(ProjectConfigurationPlatforms) = postSolution
		{279739C1-CF4A-4ED1-95F2-EB6BBDFB6B41}.Debug|Any CPU.ActiveCfg = Debug|Any CPU
		{279739C1-CF4A-4ED1-95F2-EB6BBDFB6B41}.Debug|Any CPU.Build.0 = Debug|Any CPU
		{279739C1-CF4A-4ED1-95F2-EB6BBDFB6B41}.Debug|x64.ActiveCfg = Debug|x64
		{279739C1-CF4A-4ED1-95F2-EB6BBDFB6B41}.Debug|x64.Build.0 = Debug|x64
		{279739C1-CF4A-4ED1-95F2-EB6BBDFB6B41}.Debug|x86.ActiveCfg = Debug|x86
		{279739C1-CF4A-4ED1-95F2-EB6BBDFB6B41}.Debug|x86.Build.0 = Debug|x86
		{279739C1-CF4A-4ED1-95F2-EB6BBDFB6B41}.Release|Any CPU.ActiveCfg = Release|Any CPU
		{279739C1-CF4A-4ED1-95F2-EB6BBDFB6B41}.Release|Any CPU.Build.0 = Release|Any CPU
		{279739C1-CF4A-4ED1-95F2-EB6BBDFB6B41}.Release|x64.ActiveCfg = Release|x64
		{279739C1-CF4A-4ED1-95F2-EB6BBDFB6B41}.Release|x64.Build.0 = Release|x64
		{279739C1-CF4A-4ED1-95F2-EB6BBDFB6B41}.Release|x86.ActiveCfg = Release|x86
		{279739C1-CF4A-4ED1-95F2-EB6BBDFB6B41}.Release|x86.Build.0 = Release|x86
		{11DAE906-8728-43B0-BF8A-C119C21DC4A3}.Debug|Any CPU.ActiveCfg = Debug|Any CPU
		{11DAE906-8728-43B0-BF8A-C119C21DC4A3}.Debug|Any CPU.Build.0 = Debug|Any CPU
		{11DAE906-8728-43B0-BF8A-C119C21DC4A3}.Debug|x64.ActiveCfg = Debug|Any CPU
		{11DAE906-8728-43B0-BF8A-C119C21DC4A3}.Debug|x64.Build.0 = Debug|Any CPU
		{11DAE906-8728-43B0-BF8A-C119C21DC4A3}.Debug|x86.ActiveCfg = Debug|Any CPU
		{11DAE906-8728-43B0-BF8A-C119C21DC4A3}.Debug|x86.Build.0 = Debug|Any CPU
		{11DAE906-8728-43B0-BF8A-C119C21DC4A3}.Release|Any CPU.ActiveCfg = Release|Any CPU
		{11DAE906-8728-43B0-BF8A-C119C21DC4A3}.Release|Any CPU.Build.0 = Release|Any CPU
		{11DAE906-8728-43B0-BF8A-C119C21DC4A3}.Release|x64.ActiveCfg = Release|Any CPU
		{11DAE906-8728-43B0-BF8A-C119C21DC4A3}.Release|x64.Build.0 = Release|Any CPU
		{11DAE906-8728-43B0-BF8A-C119C21DC4A3}.Release|x86.ActiveCfg = Release|Any CPU
		{11DAE906-8728-43B0-BF8A-C119C21DC4A3}.Release|x86.Build.0 = Release|Any CPU
	EndGlobalSection
	GlobalSection(SolutionProperties) = preSolution
		HideSolutionNode = FALSE
	EndGlobalSection
EndGlobal
